
Microsoft Visual Studio Solution File, Format Version 12.00
# Visual Studio Version 17
VisualStudioVersion = 17.6.33815.320
MinimumVisualStudioVersion = 10.0.40219.1
Project("{9A19103F-16F7-4668-BE54-9A1E7A4F7556}") = "VirtualAssistant", "VirtualAssistant\VirtualAssistant.csproj", "{E6F6EFB3-DAD5-4D9B-A866-EA7F1F3341EF}"
EndProject
Project("{9A19103F-16F7-4668-BE54-9A1E7A4F7556}") = "TechSupportIssues", "TechSupportIssues\TechSupportIssues.csproj", "{3585AB77-1C82-4862-AA97-67834DD40089}"
EndProject
Project("{9A19103F-16F7-4668-BE54-9A1E7A4F7556}") = "TechJobsSalaries", "TechJobsSalaries\TechJobsSalaries.csproj", "{1F1CDFAC-2AD5-4DF6-B221-F2A0D650219E}"
EndProject
Project("{9A19103F-16F7-4668-BE54-9A1E7A4F7556}") = "MovieRecommendations", "MovieRecommendations\MovieRecommendations.csproj", "{EA6A85F2-0912-4FFB-B3D5-C56AF13E9BF7}"
EndProject
Project("{9A19103F-16F7-4668-BE54-9A1E7A4F7556}") = "AmazonStockPredictions", "AmazonStockPredictions\AmazonStockPredictions.csproj", "{22D4BFAC-63DF-4789-9C46-D9291788562C}"
EndProject
Project("{9A19103F-16F7-4668-BE54-9A1E7A4F7556}") = "ErrorCategorization", "ErrorCategorization\ErrorCategorization.csproj", "{FC2EE436-8596-4BFB-BBF6-DEDCF0D8BF51}"
EndProject
Project("{FAE04EC0-301F-11D3-BF4B-00C04F79EFBC}") = "AnomalyDetection", "AnomalyDetection\AnomalyDetection.csproj", "{04E0504E-35B8-4101-BEFA-B6ED36711963}"
EndProject
Global
	GlobalSection(SolutionConfigurationPlatforms) = preSolution
		Debug|Any CPU = Debug|Any CPU
		Release|Any CPU = Release|Any CPU
	EndGlobalSection
	GlobalSection(ProjectConfigurationPlatforms) = postSolution
		{E6F6EFB3-DAD5-4D9B-A866-EA7F1F3341EF}.Debug|Any CPU.ActiveCfg = Debug|Any CPU
		{E6F6EFB3-DAD5-4D9B-A866-EA7F1F3341EF}.Debug|Any CPU.Build.0 = Debug|Any CPU
		{E6F6EFB3-DAD5-4D9B-A866-EA7F1F3341EF}.Release|Any CPU.ActiveCfg = Release|Any CPU
		{E6F6EFB3-DAD5-4D9B-A866-EA7F1F3341EF}.Release|Any CPU.Build.0 = Release|Any CPU
		{3585AB77-1C82-4862-AA97-67834DD40089}.Debug|Any CPU.ActiveCfg = Debug|Any CPU
		{3585AB77-1C82-4862-AA97-67834DD40089}.Debug|Any CPU.Build.0 = Debug|Any CPU
		{3585AB77-1C82-4862-AA97-67834DD40089}.Release|Any CPU.ActiveCfg = Release|Any CPU
		{3585AB77-1C82-4862-AA97-67834DD40089}.Release|Any CPU.Build.0 = Release|Any CPU
		{1F1CDFAC-2AD5-4DF6-B221-F2A0D650219E}.Debug|Any CPU.ActiveCfg = Debug|Any CPU
		{1F1CDFAC-2AD5-4DF6-B221-F2A0D650219E}.Debug|Any CPU.Build.0 = Debug|Any CPU
		{1F1CDFAC-2AD5-4DF6-B221-F2A0D650219E}.Release|Any CPU.ActiveCfg = Release|Any CPU
		{1F1CDFAC-2AD5-4DF6-B221-F2A0D650219E}.Release|Any CPU.Build.0 = Release|Any CPU
		{EA6A85F2-0912-4FFB-B3D5-C56AF13E9BF7}.Debug|Any CPU.ActiveCfg = Debug|Any CPU
		{EA6A85F2-0912-4FFB-B3D5-C56AF13E9BF7}.Debug|Any CPU.Build.0 = Debug|Any CPU
		{EA6A85F2-0912-4FFB-B3D5-C56AF13E9BF7}.Release|Any CPU.ActiveCfg = Release|Any CPU
		{EA6A85F2-0912-4FFB-B3D5-C56AF13E9BF7}.Release|Any CPU.Build.0 = Release|Any CPU
		{22D4BFAC-63DF-4789-9C46-D9291788562C}.Debug|Any CPU.ActiveCfg = Debug|Any CPU
		{22D4BFAC-63DF-4789-9C46-D9291788562C}.Debug|Any CPU.Build.0 = Debug|Any CPU
		{22D4BFAC-63DF-4789-9C46-D9291788562C}.Release|Any CPU.ActiveCfg = Release|Any CPU
		{22D4BFAC-63DF-4789-9C46-D9291788562C}.Release|Any CPU.Build.0 = Release|Any CPU
		{FC2EE436-8596-4BFB-BBF6-DEDCF0D8BF51}.Debug|Any CPU.ActiveCfg = Debug|Any CPU
		{FC2EE436-8596-4BFB-BBF6-DEDCF0D8BF51}.Debug|Any CPU.Build.0 = Debug|Any CPU
		{FC2EE436-8596-4BFB-BBF6-DEDCF0D8BF51}.Release|Any CPU.ActiveCfg = Release|Any CPU
		{FC2EE436-8596-4BFB-BBF6-DEDCF0D8BF51}.Release|Any CPU.Build.0 = Release|Any CPU
		{04E0504E-35B8-4101-BEFA-B6ED36711963}.Debug|Any CPU.ActiveCfg = Debug|Any CPU
		{04E0504E-35B8-4101-BEFA-B6ED36711963}.Debug|Any CPU.Build.0 = Debug|Any CPU
		{04E0504E-35B8-4101-BEFA-B6ED36711963}.Release|Any CPU.ActiveCfg = Release|Any CPU
		{04E0504E-35B8-4101-BEFA-B6ED36711963}.Release|Any CPU.Build.0 = Release|Any CPU
	EndGlobalSection
	GlobalSection(SolutionProperties) = preSolution
		HideSolutionNode = FALSE
	EndGlobalSection
	GlobalSection(ExtensibilityGlobals) = postSolution
		SolutionGuid = {745A9523-8D7D-4F1C-90ED-67F6E5DEB5D8}
	EndGlobalSection
EndGlobal
